# THIS IS AN AUTOGENERATED FILE. DO NOT EDIT THIS FILE DIRECTLY.
# yarn lockfile v1


"@azure/abort-controller@^1.0.0":
  "integrity" "sha512-TrRLIoSQVzfAJX9H1JeFjzAoDGcoK1IYX1UImfceTZpsyYfWr09Ss1aHW1y5TrrR3iq6RZLBwJ3E24uwPhwahw=="
  "resolved" "https://registry.npmjs.org/@azure/abort-controller/-/abort-controller-1.1.0.tgz"
  "version" "1.1.0"
  dependencies:
    "tslib" "^2.2.0"

"@azure/abort-controller@^2.0.0":
  "integrity" "sha512-RP/mR/WJchR+g+nQFJGOec+nzeN/VvjlwbinccoqfhTsTHbb8X5+mLDp48kHT0ueyum0BNSwGm0kX0UZuIqTGg=="
  "resolved" "https://registry.npmjs.org/@azure/abort-controller/-/abort-controller-2.0.0.tgz"
  "version" "2.0.0"
  dependencies:
    "tslib" "^2.2.0"

"@azure/core-asynciterator-polyfill@^1.0.0":
  "integrity" "sha512-kmv8CGrPfN9SwMwrkiBK9VTQYxdFQEGe0BmQk+M8io56P9KNzpAxcWE/1fxJj7uouwN4kXF0BHW8DNlgx+wtCg=="
  "resolved" "https://registry.npmjs.org/@azure/core-asynciterator-polyfill/-/core-asynciterator-polyfill-1.0.0.tgz"
  "version" "1.0.0"

"@azure/core-auth@^1.3.0":
  "integrity" "sha512-3X9wzaaGgRaBCwhLQZDtFp5uLIXCPrGbwJNWPPugvL4xbIGgScv77YzzxToKGLAKvG9amDoofMoP+9hsH1vs1w=="
  "resolved" "https://registry.npmjs.org/@azure/core-auth/-/core-auth-1.6.0.tgz"
  "version" "1.6.0"
  dependencies:
    "@azure/abort-controller" "^2.0.0"
    "@azure/core-util" "^1.1.0"
    "tslib" "^2.2.0"

"@azure/core-http@^3.0.0":
  "integrity" "sha512-Fok9VVhMdxAFOtqiiAtg74fL0UJkt0z3D+ouUUxcRLzZNBioPRAMJFVxiWoJljYpXsRi4GDQHzQHDc9AiYaIUQ=="
  "resolved" "https://registry.npmjs.org/@azure/core-http/-/core-http-3.0.4.tgz"
  "version" "3.0.4"
  dependencies:
    "@azure/abort-controller" "^1.0.0"
    "@azure/core-auth" "^1.3.0"
    "@azure/core-tracing" "1.0.0-preview.13"
    "@azure/core-util" "^1.1.1"
    "@azure/logger" "^1.0.0"
    "@types/node-fetch" "^2.5.0"
    "@types/tunnel" "^0.0.3"
    "form-data" "^4.0.0"
    "node-fetch" "^2.6.7"
    "process" "^0.11.10"
    "tslib" "^2.2.0"
    "tunnel" "^0.0.6"
    "uuid" "^8.3.0"
    "xml2js" "^0.5.0"

"@azure/core-lro@^2.2.0":
  "integrity" "sha512-PyRNcaIOfMgoUC01/24NoG+k8O81VrKxYARnDlo+Q2xji0/0/j2nIt8BwQh294pb1c5QnXTDPbNR4KzoDKXEoQ=="
  "resolved" "https://registry.npmjs.org/@azure/core-lro/-/core-lro-2.6.0.tgz"
  "version" "2.6.0"
  dependencies:
    "@azure/abort-controller" "^2.0.0"
    "@azure/core-util" "^1.2.0"
    "@azure/logger" "^1.0.0"
    "tslib" "^2.2.0"

"@azure/core-paging@^1.1.1":
  "integrity" "sha512-hqEJBEGKan4YdOaL9ZG/GRG6PXaFd/Wb3SSjQW4LWotZzgl6xqG00h6wmkrpd2NNkbBkD1erLHBO3lPHApv+iQ=="
  "resolved" "https://registry.npmjs.org/@azure/core-paging/-/core-paging-1.1.1.tgz"
  "version" "1.1.1"
  dependencies:
    "@azure/core-asynciterator-polyfill" "^1.0.0"

"@azure/core-tracing@1.0.0-preview.13":
  "integrity" "sha512-KxDlhXyMlh2Jhj2ykX6vNEU0Vou4nHr025KoSEiz7cS3BNiHNaZcdECk/DmLkEB0as5T7b/TpRcehJ5yV6NeXQ=="
  "resolved" "https://registry.npmjs.org/@azure/core-tracing/-/core-tracing-1.0.0-preview.13.tgz"
  "version" "1.0.0-preview.13"
  dependencies:
    "@opentelemetry/api" "^1.0.1"
    "tslib" "^2.2.0"

"@azure/core-util@^1.1.0", "@azure/core-util@^1.1.1", "@azure/core-util@^1.2.0":
  "integrity" "sha512-Zq2i3QO6k9DA8vnm29mYM4G8IE9u1mhF1GUabVEqPNX8Lj833gdxQ2NAFxt2BZsfAL+e9cT8SyVN7dFVJ/Hf0g=="
  "resolved" "https://registry.npmjs.org/@azure/core-util/-/core-util-1.7.0.tgz"
  "version" "1.7.0"
  dependencies:
    "@azure/abort-controller" "^2.0.0"
    "tslib" "^2.2.0"

"@azure/logger@^1.0.0":
  "integrity" "sha512-ustrPY8MryhloQj7OWGe+HrYx+aoiOxzbXTtgblbV3xwCqpzUK36phH3XNHQKj3EPonyFUuDTfR3qFhTEAuZEg=="
  "resolved" "https://registry.npmjs.org/@azure/logger/-/logger-1.0.4.tgz"
  "version" "1.0.4"
  dependencies:
    "tslib" "^2.2.0"

"@azure/storage-blob@^12.2.0-preview.1":
  "integrity" "sha512-sM4vpsCpcCApagRW5UIjQNlNylo02my2opgp0Emi8x888hZUvJ3dN69Oq20cEGXkMUWnoCrBaB0zyS3yeB87sQ=="
  "resolved" "https://registry.npmjs.org/@azure/storage-blob/-/storage-blob-12.17.0.tgz"
  "version" "12.17.0"
  dependencies:
    "@azure/abort-controller" "^1.0.0"
    "@azure/core-http" "^3.0.0"
    "@azure/core-lro" "^2.2.0"
    "@azure/core-paging" "^1.1.1"
    "@azure/core-tracing" "1.0.0-preview.13"
    "@azure/logger" "^1.0.0"
    "events" "^3.0.0"
    "tslib" "^2.2.0"

"@opentelemetry/api@^1.0.1":
  "integrity" "sha512-AdY5wvN0P2vXBi3b29hxZgSFvdhdxPB9+f0B6s//P9Q8nibRWeA3cHm8UmLpio9ABigkVHJ5NMPk+Mz8VCCyrw=="
  "resolved" "https://registry.npmjs.org/@opentelemetry/api/-/api-1.7.0.tgz"
  "version" "1.7.0"

"@types/color-name@^1.1.1":
  "integrity" "sha512-rr+OQyAjxze7GgWrSaJwydHStIhHq2lvY3BOC2Mj7KnzI7XK0Uw1TOOdI9lDoajEbSWLiYgoo4f1R51erQfhPQ=="
  "resolved" "https://registry.npmjs.org/@types/color-name/-/color-name-1.1.1.tgz"
  "version" "1.1.1"

"@types/crypto-js@^3.1.47":
  "integrity" "sha512-eI6gvpcGHLk3dAuHYnRCAjX+41gMv1nz/VP55wAe5HtmAKDOoPSfr3f6vkMc08ov1S0NsjvUBxDtHHxqQY1LGA=="
  "resolved" "https://registry.npmjs.org/@types/crypto-js/-/crypto-js-3.1.47.tgz"
  "version" "3.1.47"

"@types/events@*":
  "integrity" "sha512-EaObqwIvayI5a8dCzhFrjKzVwKLxjoG9T6Ppd5CEo07LRKfQ8Yokw54r5+Wq7FaBQ+yXRvQAYPrHwya1/UFt9g=="
  "resolved" "https://registry.npmjs.org/@types/events/-/events-3.0.0.tgz"
  "version" "3.0.0"

"@types/glob@*":
  "integrity" "sha512-1Bh06cbWJUHMC97acuD6UMG29nMt0Aqz1vF3guLfG+kHHJhy3AyohZFFxYk2f7Q1SQIrNwvncxAE0N/9s70F2w=="
  "resolved" "https://registry.npmjs.org/@types/glob/-/glob-7.1.1.tgz"
  "version" "7.1.1"
  dependencies:
    "@types/events" "*"
    "@types/minimatch" "*"
    "@types/node" "*"

"@types/minimatch@*":
  "integrity" "sha512-tHq6qdbT9U1IRSGf14CL0pUlULksvY9OZ+5eEgl1N7t+OA3tGvNpxJCzuKQlsNgCVwbAs670L1vcVQi8j9HjnA=="
  "resolved" "https://registry.npmjs.org/@types/minimatch/-/minimatch-3.0.3.tgz"
  "version" "3.0.3"

"@types/node-fetch@^2.5.0":
  "integrity" "sha512-24xFj9R5+rfQJLRyM56qh+wnVSYhyXC2tkoBndtY0U+vubqNsYXGjufB2nn8Q6gt0LrARwL6UBtMCSVCwl4B1g=="
  "resolved" "https://registry.npmjs.org/@types/node-fetch/-/node-fetch-2.6.11.tgz"
  "version" "2.6.11"
  dependencies:
    "@types/node" "*"
    "form-data" "^4.0.0"

"@types/node@*":
  "integrity" "sha512-0ARSQootUG1RljH2HncpsY2TJBfGQIKOOi7kxzUY6z54ePu/ZD+wJA8zI2Q6v8rol2qpG/rvqsReco8zNMPvhQ=="
  "resolved" "https://registry.npmjs.org/@types/node/-/node-13.9.0.tgz"
  "version" "13.9.0"

"@types/shelljs@^0.8.6":
  "integrity" "sha512-svx2eQS268awlppL/P8wgDLBrsDXdKznABHJcuqXyWpSKJgE1s2clXlBvAwbO/lehTmG06NtEWJRkAk4tAgenA=="
  "resolved" "https://registry.npmjs.org/@types/shelljs/-/shelljs-0.8.6.tgz"
  "version" "0.8.6"
  dependencies:
    "@types/glob" "*"
    "@types/node" "*"

"@types/tunnel@^0.0.3":
  "integrity" "sha512-sOUTGn6h1SfQ+gbgqC364jLFBw2lnFqkgF3q0WovEHRLMrVD1sd5aufqi/aJObLekJO+Aq5z646U4Oxy6shXMA=="
  "resolved" "https://registry.npmjs.org/@types/tunnel/-/tunnel-0.0.3.tgz"
  "version" "0.0.3"
  dependencies:
    "@types/node" "*"

"ansi-styles@^4.1.0":
  "integrity" "sha512-9VGjrMsG1vePxcSweQsN20KY/c4zN0h9fLjqAbwbPfahM3t+NL+M9HC8xeXG2I8pX5NoamTGNuomEUFI7fcUjA=="
  "resolved" "https://registry.npmjs.org/ansi-styles/-/ansi-styles-4.2.1.tgz"
  "version" "4.2.1"
  dependencies:
    "@types/color-name" "^1.1.1"
    "color-convert" "^2.0.1"

"arg@^4.1.0":
  "integrity" "sha512-58S9QDqG0Xx27YwPSt9fJxivjYl432YCwfDMfZ+71RAqUrZef7LrKQZ3LHLOwCS4FLNBplP533Zx895SeOCHvA=="
  "resolved" "https://registry.npmjs.org/arg/-/arg-4.1.3.tgz"
  "version" "4.1.3"

"asynckit@^0.4.0":
  "integrity" "sha512-Oei9OH4tRh0YqU3GxhX79dM/mwVgvbZJaSNaRk+bshkj0S5cfHcgYakreBjrHwatXKbz+IoIdYLxrKim2MjW0Q=="
  "resolved" "https://registry.npmjs.org/asynckit/-/asynckit-0.4.0.tgz"
  "version" "0.4.0"

"axios@^1.6.7":
  "integrity" "sha512-/hDJGff6/c7u0hDkvkGxR/oy6CbCs8ziCsC7SqmhjfozqiJGc8Z11wrv9z9lYfY4K8l+H9TpjcMDX0xOZmx+RA=="
  "resolved" "https://registry.npmjs.org/axios/-/axios-1.6.7.tgz"
  "version" "1.6.7"
  dependencies:
    "follow-redirects" "^1.15.4"
    "form-data" "^4.0.0"
    "proxy-from-env" "^1.1.0"

"balanced-match@^1.0.0":
  "integrity" "sha512-3oSeUO0TMV67hN1AmbXsK4yaqU7tjiHlbxRDZOpH0KW9+CeX4bRAaX0Anxt0tx2MrpRpWwQaPwIlISEJhYU5Pw=="
  "resolved" "https://registry.npmjs.org/balanced-match/-/balanced-match-1.0.2.tgz"
  "version" "1.0.2"

"brace-expansion@^1.1.7":
  "integrity" "sha512-iCuPHDFgrHX7H2vEI/5xpz07zSHB00TpugqhmYtVmMO6518mCuRMoOYFldEBl0g187ufozdaHgWKcYFb61qGiA=="
  "resolved" "https://registry.npmjs.org/brace-expansion/-/brace-expansion-1.1.11.tgz"
  "version" "1.1.11"
  dependencies:
    "balanced-match" "^1.0.0"
    "concat-map" "0.0.1"

"buffer-from@^1.0.0":
  "integrity" "sha512-MQcXEUbCKtEo7bhqEs6560Hyd4XaovZlO/k9V3hjVUF/zwW7KBVdSK4gIt/bzwS9MbR5qob+F5jusZsb0YQK2A=="
  "resolved" "https://registry.npmjs.org/buffer-from/-/buffer-from-1.1.1.tgz"
  "version" "1.1.1"

"chalk@^3.0.0":
  "integrity" "sha512-4D3B6Wf41KOYRFdszmDqMCGq5VV/uMAB273JILmO+3jAlh8X4qDtdtgCR3fxtbLEMzSx22QdhnDcJvu2u1fVwg=="
  "resolved" "https://registry.npmjs.org/chalk/-/chalk-3.0.0.tgz"
  "version" "3.0.0"
  dependencies:
    "ansi-styles" "^4.1.0"
    "supports-color" "^7.1.0"

"color-convert@^2.0.1":
  "integrity" "sha512-RRECPsj7iu/xb5oKYcsFHSppFNnsj/52OVTRKb4zP5onXwVF3zVmmToNcOfGC+CRDpfK/U584fMg38ZHCaElKQ=="
  "resolved" "https://registry.npmjs.org/color-convert/-/color-convert-2.0.1.tgz"
  "version" "2.0.1"
  dependencies:
    "color-name" "~1.1.4"

"color-name@~1.1.4":
  "integrity" "sha512-dOy+3AuW3a2wNbZHIuMZpTcgjGuLU/uBL/ubcZF9OXbDo8ff4O8yVp5Bf0efS8uEoYo5q4Fx7dY9OgQGXgAsQA=="
  "resolved" "https://registry.npmjs.org/color-name/-/color-name-1.1.4.tgz"
  "version" "1.1.4"

"combined-stream@^1.0.8":
  "integrity" "sha512-FQN4MRfuJeHf7cBbBMJFXhKSDq+2kAArBlmRBvcvFE5BB1HZKXtSFASDhdlz9zOYwxh8lDdnvmMOe/+5cdoEdg=="
  "resolved" "https://registry.npmjs.org/combined-stream/-/combined-stream-1.0.8.tgz"
  "version" "1.0.8"
  dependencies:
    "delayed-stream" "~1.0.0"

"commander@^4.1.1":
  "integrity" "sha512-NOKm8xhkzAjzFx8B2v5OAHT+u5pRQc2UCa2Vq9jYL/31o2wi9mxBA7LIFs3sV5VSC49z6pEhfbMULvShKj26WA=="
  "resolved" "https://registry.npmjs.org/commander/-/commander-4.1.1.tgz"
  "version" "4.1.1"

"concat-map@0.0.1":
  "integrity" "sha1-2Klr13/Wjfd5OnMDajug1UBdR3s="
  "resolved" "https://registry.npmjs.org/concat-map/-/concat-map-0.0.1.tgz"
  "version" "0.0.1"

"crypto-js@^4.0.0":
  "integrity" "sha512-KALDyEYgpY+Rlob/iriUtjV6d5Eq+Y191A5g4UqLAi8CyGP9N1+FdVbkc1SxKc2r4YAYqG8JzO2KGL+AizD70Q=="
  "resolved" "https://registry.npmjs.org/crypto-js/-/crypto-js-4.2.0.tgz"
  "version" "4.2.0"

"delayed-stream@~1.0.0":
  "integrity" "sha512-ZySD7Nf91aLB0RxL4KGrKHBXl7Eds1DAmEdcoVawXnLD7SDhpNgtuII2aAkg7a7QS41jxPSZ17p4VdGnMHk3MQ=="
  "resolved" "https://registry.npmjs.org/delayed-stream/-/delayed-stream-1.0.0.tgz"
  "version" "1.0.0"

"diff@^4.0.1":
  "integrity" "sha512-58lmxKSA4BNyLz+HHMUzlOEpg09FV+ev6ZMe3vJihgdxzgcwZ8VoEEPmALCZG9LmqfVoNMMKpttIYTVG6uDY7A=="
  "resolved" "https://registry.npmjs.org/diff/-/diff-4.0.2.tgz"
  "version" "4.0.2"

"events@^3.0.0":
  "integrity" "sha512-mQw+2fkQbALzQ7V0MY0IqdnXNOeTtP4r0lN9z7AAawCXgqea7bDii20AYrIBrFd/Hx0M2Ocz6S111CaFkUcb0Q=="
  "resolved" "https://registry.npmjs.org/events/-/events-3.3.0.tgz"
  "version" "3.3.0"

"follow-redirects@^1.15.4":
  "integrity" "sha512-vSFWUON1B+yAw1VN4xMfxgn5fTUiaOzAJCKBwIIgT/+7CuGy9+r+5gITvP62j3RmaD5Ph65UaERdOSRGUzZtgw=="
  "resolved" "https://registry.npmjs.org/follow-redirects/-/follow-redirects-1.15.5.tgz"
  "version" "1.15.5"

"form-data@^4.0.0":
  "integrity" "sha512-ETEklSGi5t0QMZuiXoA/Q6vcnxcLQP5vdugSpuAyi6SVGi2clPPp+xgEhuMaHC+zGgn31Kd235W35f7Hykkaww=="
  "resolved" "https://registry.npmjs.org/form-data/-/form-data-4.0.0.tgz"
  "version" "4.0.0"
  dependencies:
    "asynckit" "^0.4.0"
    "combined-stream" "^1.0.8"
    "mime-types" "^2.1.12"

"fs.realpath@^1.0.0":
  "integrity" "sha1-FQStJSMVjKpA20onh8sBQRmU6k8="
  "resolved" "https://registry.npmjs.org/fs.realpath/-/fs.realpath-1.0.0.tgz"
  "version" "1.0.0"

"function-bind@^1.1.1":
  "integrity" "sha512-yIovAzMX49sF8Yl58fSCWJ5svSLuaibPxXQJFLmBObTuCr0Mf1KiPopGM9NiFjiYBCbfaa2Fh6breQ6ANVTI0A=="
  "resolved" "https://registry.npmjs.org/function-bind/-/function-bind-1.1.1.tgz"
  "version" "1.1.1"

"glob@^7.0.0":
  "integrity" "sha512-lmLf6gtyrPq8tTjSmrO94wBeQbFR3HbLHbuyD69wuyQkImp2hWqMGB47OX65FBkPffO641IP9jWa1z4ivqG26Q=="
  "resolved" "https://registry.npmjs.org/glob/-/glob-7.2.0.tgz"
  "version" "7.2.0"
  dependencies:
    "fs.realpath" "^1.0.0"
    "inflight" "^1.0.4"
    "inherits" "2"
    "minimatch" "^3.0.4"
    "once" "^1.3.0"
    "path-is-absolute" "^1.0.0"

"has-flag@^4.0.0":
  "integrity" "sha512-EykJT/Q1KjTWctppgIAgfSO0tKVuZUjhgMr17kqTumMl6Afv3EISleU7qZUzoXDFTAHTDC4NOoG/ZxU3EvlMPQ=="
  "resolved" "https://registry.npmjs.org/has-flag/-/has-flag-4.0.0.tgz"
  "version" "4.0.0"

"has@^1.0.3":
  "integrity" "sha512-f2dvO0VU6Oej7RkWJGrehjbzMAjFp5/VKPp5tTpWIV4JHHZK1/BxbFRtf/siA2SWTe09caDmVtYYzWEIbBS4zw=="
  "resolved" "https://registry.npmjs.org/has/-/has-1.0.3.tgz"
  "version" "1.0.3"
  dependencies:
    "function-bind" "^1.1.1"

"inflight@^1.0.4":
  "integrity" "sha1-Sb1jMdfQLQwJvJEKEHW6gWW1bfk="
  "resolved" "https://registry.npmjs.org/inflight/-/inflight-1.0.6.tgz"
  "version" "1.0.6"
  dependencies:
    "once" "^1.3.0"
    "wrappy" "1"

"inherits@2":
  "integrity" "sha512-k/vGaX4/Yla3WzyMCvTQOXYeIHvqOKtnqBduzTHpzpQZzAskKMhZ2K+EnBiSM9zGSoIFeMpXKxa4dYeZIQqewQ=="
  "resolved" "https://registry.npmjs.org/inherits/-/inherits-2.0.4.tgz"
  "version" "2.0.4"

"interpret@^1.0.0":
  "integrity" "sha512-agE4QfB2Lkp9uICn7BAqoscw4SZP9kTE2hxiFI3jBPmXJfdqiahTbUuKGsMoN2GtqL9AxhYioAcVvgsb1HvRbA=="
  "resolved" "https://registry.npmjs.org/interpret/-/interpret-1.4.0.tgz"
  "version" "1.4.0"

"is-core-module@^2.8.0":
  "integrity" "sha512-SdNCUs284hr40hFTFP6l0IfZ/RSrMXF3qgoRHd3/79unUTvrFO/JoXwkGm+5J/Oe3E/b5GsnG330uUNgRpu1PA=="
  "resolved" "https://registry.npmjs.org/is-core-module/-/is-core-module-2.8.1.tgz"
  "version" "2.8.1"
  dependencies:
    "has" "^1.0.3"

"make-error@^1.1.1":
  "integrity" "sha512-s8UhlNe7vPKomQhC1qFelMokr/Sc3AgNbso3n74mVPA5LTZwkB9NlXf4XPamLxJE8h0gh73rM94xvwRT2CVInw=="
  "resolved" "https://registry.npmjs.org/make-error/-/make-error-1.3.6.tgz"
  "version" "1.3.6"

"mime-db@1.52.0":
  "integrity" "sha512-sPU4uV7dYlvtWJxwwxHD0PuihVNiE7TyAbQ5SWxDCB9mUYvOgroQOwYQQOKPJ8CIbE+1ETVlOoK1UC2nU3gYvg=="
  "resolved" "https://registry.npmjs.org/mime-db/-/mime-db-1.52.0.tgz"
  "version" "1.52.0"

"mime-types@^2.1.12":
  "integrity" "sha512-ZDY+bPm5zTTF+YpCrAU9nK0UgICYPT0QtT1NZWFv4s++TNkcgVaT0g6+4R2uI4MjQjzysHB1zxuWL50hzaeXiw=="
  "resolved" "https://registry.npmjs.org/mime-types/-/mime-types-2.1.35.tgz"
  "version" "2.1.35"
  dependencies:
    "mime-db" "1.52.0"

"minimatch@^3.0.4":
  "integrity" "sha512-J7p63hRiAjw1NDEww1W7i37+ByIrOWO5XQQAzZ3VOcL0PNybwpfmV/N05zFAzwQ9USyEcX6t3UO+K5aqBQOIHw=="
  "resolved" "https://registry.npmjs.org/minimatch/-/minimatch-3.1.2.tgz"
  "version" "3.1.2"
  dependencies:
    "brace-expansion" "^1.1.7"

"node-fetch@^2.6.7":
  "integrity" "sha512-c4FRfUm/dbcWZ7U+1Wq0AwCyFL+3nt2bEw05wfxSz+DWpWsitgmSgYmy2dQdWyKC1694ELPqMs/YzUSNozLt8A=="
  "resolved" "https://registry.npmjs.org/node-fetch/-/node-fetch-2.7.0.tgz"
  "version" "2.7.0"
  dependencies:
    "whatwg-url" "^5.0.0"

"once@^1.3.0":
  "integrity" "sha1-WDsap3WWHUsROsF9nFC6753Xa9E="
  "resolved" "https://registry.npmjs.org/once/-/once-1.4.0.tgz"
  "version" "1.4.0"
  dependencies:
    "wrappy" "1"

"path-is-absolute@^1.0.0":
  "integrity" "sha1-F0uSaHNVNP+8es5r9TpanhtcX18="
  "resolved" "https://registry.npmjs.org/path-is-absolute/-/path-is-absolute-1.0.1.tgz"
  "version" "1.0.1"

"path-parse@^1.0.7":
  "integrity" "sha512-LDJzPVEEEPR+y48z93A0Ed0yXb8pAByGWo/k5YYdYgpY2/2EsOsksJrq7lOHxryrVOn1ejG6oAp8ahvOIQD8sw=="
  "resolved" "https://registry.npmjs.org/path-parse/-/path-parse-1.0.7.tgz"
  "version" "1.0.7"

"process@^0.11.10":
  "integrity" "sha512-cdGef/drWFoydD1JsMzuFf8100nZl+GT+yacc2bEced5f9Rjk4z+WtFUTBu9PhOi9j/jfmBPu0mMEY4wIdAF8A=="
  "resolved" "https://registry.npmjs.org/process/-/process-0.11.10.tgz"
  "version" "0.11.10"

"proxy-from-env@^1.1.0":
  "integrity" "sha512-D+zkORCbA9f1tdWRK0RaCR3GPv50cMxcrz4X8k5LTSUD1Dkw47mKJEZQNunItRTkWwgtaUSo1RVFRIG9ZXiFYg=="
  "resolved" "https://registry.npmjs.org/proxy-from-env/-/proxy-from-env-1.1.0.tgz"
  "version" "1.1.0"

"rechoir@^0.6.2":
  "integrity" "sha1-hSBLVNuoLVdC4oyWdW70OvUOM4Q="
  "resolved" "https://registry.npmjs.org/rechoir/-/rechoir-0.6.2.tgz"
  "version" "0.6.2"
  dependencies:
    "resolve" "^1.1.6"

"resolve@^1.1.6":
  "integrity" "sha512-3wCbTpk5WJlyE4mSOtDLhqQmGFi0/TD9VPwmiolnk8U0wRgMEktqCXd3vy5buTO3tljvalNvKrjHEfrd2WpEKA=="
  "resolved" "https://registry.npmjs.org/resolve/-/resolve-1.21.0.tgz"
  "version" "1.21.0"
  dependencies:
    "is-core-module" "^2.8.0"
    "path-parse" "^1.0.7"
    "supports-preserve-symlinks-flag" "^1.0.0"

"sax@>=0.6.0":
  "integrity" "sha512-0s+oAmw9zLl1V1cS9BtZN7JAd0cW5e0QH4W3LWEK6a4LaLEA2OTpGYWDY+6XasBLtz6wkm3u1xRw95mRuJ59WA=="
  "resolved" "https://registry.npmjs.org/sax/-/sax-1.3.0.tgz"
  "version" "1.3.0"

"shelljs@^0.8.5":
  "integrity" "sha512-TiwcRcrkhHvbrZbnRcFYMLl30Dfov3HKqzp5tO5b4pt6G/SezKcYhmDg15zXVBswHmctSAQKznqNW2LO5tTDow=="
  "resolved" "https://registry.npmjs.org/shelljs/-/shelljs-0.8.5.tgz"
  "version" "0.8.5"
  dependencies:
    "glob" "^7.0.0"
    "interpret" "^1.0.0"
    "rechoir" "^0.6.2"

"source-map-support@^0.5.6":
  "integrity" "sha512-efyLRJDr68D9hBBNIPWFjhpFzURh+KJykQwvMyW5UiZzYwoF6l4YMMDIJJEyFWxWCqfyxLzz6tSfUFR+kXXsVQ=="
  "resolved" "https://registry.npmjs.org/source-map-support/-/source-map-support-0.5.16.tgz"
  "version" "0.5.16"
  dependencies:
    "buffer-from" "^1.0.0"
    "source-map" "^0.6.0"

"source-map@^0.6.0":
  "integrity" "sha512-UjgapumWlbMhkBgzT7Ykc5YXUT46F0iKu8SGXq0bcwP5dz/h0Plj6enJqjz1Zbq2l5WaqYnrVbwWOWMyF3F47g=="
  "resolved" "https://registry.npmjs.org/source-map/-/source-map-0.6.1.tgz"
  "version" "0.6.1"

"supports-color@^7.1.0":
  "integrity" "sha512-oRSIpR8pxT1Wr2FquTNnGet79b3BWljqOuoW/h4oBhxJ/HUbX5nX6JSruTkvXDCFMwDPvsaTTbvMLKZWSy0R5g=="
  "resolved" "https://registry.npmjs.org/supports-color/-/supports-color-7.1.0.tgz"
  "version" "7.1.0"
  dependencies:
    "has-flag" "^4.0.0"

"supports-preserve-symlinks-flag@^1.0.0":
  "integrity" "sha512-ot0WnXS9fgdkgIcePe6RHNk1WA8+muPa6cSjeR3V8K27q9BB1rTE3R1p7Hv0z1ZyAc8s6Vvv8DIyWf681MAt0w=="
  "resolved" "https://registry.npmjs.org/supports-preserve-symlinks-flag/-/supports-preserve-symlinks-flag-1.0.0.tgz"
  "version" "1.0.0"

"test@file:":
  "resolved" "file:"
  "version" "1.0.0"
  dependencies:
    "@azure/storage-blob" "^12.2.0-preview.1"
    "axios" "^1.6.7"
    "chalk" "^3.0.0"
    "commander" "^4.1.1"
    "crypto-js" "^4.0.0"
    "shelljs" "^0.8.5"
    "test" "file:"
    "ts-node" "^8.6.2"
    "typescript" "^3.8.3"

"tr46@~0.0.3":
  "integrity" "sha512-N3WMsuqV66lT30CrXNbEjx4GEwlow3v6rr4mCcv6prnfwhS01rkgyFdjPNBYd9br7LpXV1+Emh01fHnq2Gdgrw=="
  "resolved" "https://registry.npmjs.org/tr46/-/tr46-0.0.3.tgz"
  "version" "0.0.3"

"ts-node@^8.6.2":
  "integrity" "sha512-4mZEbofxGqLL2RImpe3zMJukvEvcO1XP8bj8ozBPySdCUXEcU5cIRwR0aM3R+VoZq7iXc8N86NC0FspGRqP4gg=="
  "resolved" "https://registry.npmjs.org/ts-node/-/ts-node-8.6.2.tgz"
  "version" "8.6.2"
  dependencies:
    "arg" "^4.1.0"
    "diff" "^4.0.1"
    "make-error" "^1.1.1"
    "source-map-support" "^0.5.6"
    "yn" "3.1.1"

"tslib@^2.2.0":
  "integrity" "sha512-AEYxH93jGFPn/a2iVAwW87VuUIkR1FVUKB77NwMF7nBTDkDrrT/Hpt/IrCJ0QXhW27jTBDcf5ZY7w6RiqTMw2Q=="
  "resolved" "https://registry.npmjs.org/tslib/-/tslib-2.6.2.tgz"
  "version" "2.6.2"

"tunnel@^0.0.6":
  "integrity" "sha512-1h/Lnq9yajKY2PEbBadPXj3VxsDDu844OnaAo52UVmIzIvwwtBPIuNvkjuzBlTWpfJyUbG3ez0KSBibQkj4ojg=="
  "resolved" "https://registry.npmjs.org/tunnel/-/tunnel-0.0.6.tgz"
  "version" "0.0.6"

"typescript@^3.8.3", "typescript@>=2.7":
  "integrity" "sha512-MYlEfn5VrLNsgudQTVJeNaQFUAI7DkhnOjdpAp4T+ku1TfQClewlbSuTVHiA+8skNBgaf02TL/kLOvig4y3G8w=="
  "resolved" "https://registry.npmjs.org/typescript/-/typescript-3.8.3.tgz"
  "version" "3.8.3"

"uuid@^8.3.0":
  "integrity" "sha512-+NYs2QeMWy+GWFOEm9xnn6HCDp0l7QBD7ml8zLUmJ+93Q5NF0NocErnwkTkXVFNiX3/fpC6afS8Dhb/gz7R7eg=="
  "resolved" "https://registry.npmjs.org/uuid/-/uuid-8.3.2.tgz"
  "version" "8.3.2"

"webidl-conversions@^3.0.0":
  "integrity" "sha512-2JAn3z8AR6rjK8Sm8orRC0h/bcl/DqL7tRPdGZ4I1CjdF+EaMLmYxBHyXuKL849eucPFhvBoxMsflfOb8kxaeQ=="
  "resolved" "https://registry.npmjs.org/webidl-conversions/-/webidl-conversions-3.0.1.tgz"
  "version" "3.0.1"

"whatwg-url@^5.0.0":
  "integrity" "sha512-saE57nupxk6v3HY35+jzBwYa0rKSy0XR8JSxZPwgLr7ys0IBzhGviA1/TUGJLmSVqs8pb9AnvICXEuOHLprYTw=="
  "resolved" "https://registry.npmjs.org/whatwg-url/-/whatwg-url-5.0.0.tgz"
  "version" "5.0.0"
  dependencies:
    "tr46" "~0.0.3"
    "webidl-conversions" "^3.0.0"

"wrappy@1":
  "integrity" "sha1-tSQ9jz7BqjXxNkYFvA0QNuMKtp8="
  "resolved" "https://registry.npmjs.org/wrappy/-/wrappy-1.0.2.tgz"
  "version" "1.0.2"

"xml2js@^0.5.0":
  "integrity" "sha512-drPFnkQJik/O+uPKpqSgr22mpuFHqKdbS835iAQrUC73L2F5WkboIRd63ai/2Yg6I1jzifPFKH2NTK+cfglkIA=="
  "resolved" "https://registry.npmjs.org/xml2js/-/xml2js-0.5.0.tgz"
  "version" "0.5.0"
  dependencies:
    "sax" ">=0.6.0"
    "xmlbuilder" "~11.0.0"

"xmlbuilder@~11.0.0":
  "integrity" "sha512-fDlsI/kFEx7gLvbecc0/ohLG50fugQp8ryHzMTuW9vSa1GJ0XYWKnhsUx7oie3G98+r56aTQIUB4kht42R3JvA=="
  "resolved" "https://registry.npmjs.org/xmlbuilder/-/xmlbuilder-11.0.1.tgz"
  "version" "11.0.1"

"yn@3.1.1":
  "integrity" "sha512-Ux4ygGWsu2c7isFWe8Yu1YluJmqVhxqK2cLXNQA5AcC3QfbGNpM7fu0Y8b/z16pXLnFxZYvWhd3fhBY9DLmC6Q=="
  "resolved" "https://registry.npmjs.org/yn/-/yn-3.1.1.tgz"
  "version" "3.1.1"
